
Microsoft Visual Studio Solution File, Format Version 12.00
# Visual Studio 2013
VisualStudioVersion = 12.0.21005.1
MinimumVisualStudioVersion = 10.0.40219.1
Project("{E24C65DC-7377-472B-9ABA-BC803B73C61A}") = "shoufuzhang_SDK", "http://localhost:8525", "{02F22CE9-79B9-4B18-A9AC-5996983C4D75}"
	ProjectSection(WebsiteProperties) = preProject
		UseIISExpress = "true"
		TargetFrameworkMoniker = ".NETFramework,Version%3Dv4.0"
		Debug.AspNetCompiler.VirtualPath = "/localhost_8525"
		Debug.AspNetCompiler.PhysicalPath = "..\shoufuzhang_SDK\"
		Debug.AspNetCompiler.TargetPath = "PrecompiledWeb\localhost_8525\"
		Debug.AspNetCompiler.Updateable = "true"
		Debug.AspNetCompiler.ForceOverwrite = "true"
		Debug.AspNetCompiler.FixedNames = "false"
		Debug.AspNetCompiler.Debug = "True"
		Release.AspNetCompiler.VirtualPath = "/localhost_8525"
		Release.AspNetCompiler.PhysicalPath = "..\shoufuzhang_SDK\"
		Release.AspNetCompiler.TargetPath = "PrecompiledWeb\localhost_8525\"
		Release.AspNetCompiler.Updateable = "true"
		Release.AspNetCompiler.ForceOverwrite = "true"
		Release.AspNetCompiler.FixedNames = "false"
		Release.AspNetCompiler.Debug = "False"
		SlnRelativePath = "..\shoufuzhang_SDK\"
	EndProjectSection
EndProject
Global
	GlobalSection(SolutionConfigurationPlatforms) = preSolution
		Debug|Any CPU = Debug|Any CPU
	EndGlobalSection
	GlobalSection(ProjectConfigurationPlatforms) = postSolution
		{02F22CE9-79B9-4B18-A9AC-5996983C4D75}.Debug|Any CPU.ActiveCfg = Debug|Any CPU
		{02F22CE9-79B9-4B18-A9AC-5996983C4D75}.Debug|Any CPU.Build.0 = Debug|Any CPU
	EndGlobalSection
	GlobalSection(SolutionProperties) = preSolution
		HideSolutionNode = FALSE
	EndGlobalSection
EndGlobal
